PODS:
  - Alamofire (5.2.1)
  - AlamofireImage (4.1.0):
    - Alamofire (~> 5.1)
  - Differentiator (4.0.1)
  - Firebase/Analytics (6.26.0):
    - Firebase/Core
  - Firebase/Core (6.26.0):
    - Firebase/CoreOnly
    - FirebaseAnalytics (= 6.6.0)
  - Firebase/CoreOnly (6.26.0):
    - FirebaseCore (= 6.7.2)
  - Firebase/Crashlytics (6.26.0):
    - Firebase/CoreOnly
    - FirebaseCrashlytics (~> 4.1.1)
  - FirebaseAnalytics (6.6.0):
    - FirebaseCore (~> 6.7)
    - FirebaseInstallations (~> 1.3)
    - GoogleAppMeasurement (= 6.6.0)
    - GoogleUtilities/AppDelegateSwizzler (~> 6.0)
    - GoogleUtilities/MethodSwizzler (~> 6.0)
    - GoogleUtilities/Network (~> 6.0)
    - "GoogleUtilities/NSData+zlib (~> 6.0)"
    - nanopb (~> 1.30905.0)
  - FirebaseAnalyticsInterop (1.5.0)
  - FirebaseCore (6.7.2):
    - FirebaseCoreDiagnostics (~> 1.3)
    - FirebaseCoreDiagnosticsInterop (~> 1.2)
    - GoogleUtilities/Environment (~> 6.5)
    - GoogleUtilities/Logger (~> 6.5)
  - FirebaseCoreDiagnostics (1.3.0):
    - FirebaseCoreDiagnosticsInterop (~> 1.2)
    - GoogleDataTransportCCTSupport (~> 3.1)
    - GoogleUtilities/Environment (~> 6.5)
    - GoogleUtilities/Logger (~> 6.5)
    - nanopb (~> 1.30905.0)
  - FirebaseCoreDiagnosticsInterop (1.2.0)
  - FirebaseCrashlytics (4.1.1):
    - FirebaseAnalyticsInterop (~> 1.2)
    - FirebaseCore (~> 6.6)
    - FirebaseInstallations (~> 1.1)
    - GoogleDataTransport (~> 6.1)
    - GoogleDataTransportCCTSupport (~> 3.1)
    - nanopb (~> 1.30905.0)
    - PromisesObjC (~> 1.2)
  - FirebaseInstallations (1.3.0):
    - FirebaseCore (~> 6.6)
    - GoogleUtilities/Environment (~> 6.6)
    - GoogleUtilities/UserDefaults (~> 6.6)
    - PromisesObjC (~> 1.2)
  - Google-Maps-iOS-Utils (3.1.4):
    - Google-Maps-iOS-Utils/Clustering (= 3.1.4)
    - Google-Maps-iOS-Utils/Geometry (= 3.1.4)
    - Google-Maps-iOS-Utils/Heatmap (= 3.1.4)
    - Google-Maps-iOS-Utils/QuadTree (= 3.1.4)
    - GoogleMaps
  - Google-Maps-iOS-Utils/Clustering (3.1.4):
    - Google-Maps-iOS-Utils/QuadTree
    - GoogleMaps
  - Google-Maps-iOS-Utils/Geometry (3.1.4):
    - GoogleMaps
  - Google-Maps-iOS-Utils/Heatmap (3.1.4):
    - Google-Maps-iOS-Utils/QuadTree
    - GoogleMaps
  - Google-Maps-iOS-Utils/QuadTree (3.1.4):
    - GoogleMaps
  - GoogleAppMeasurement (6.6.0):
    - GoogleUtilities/AppDelegateSwizzler (~> 6.0)
    - GoogleUtilities/MethodSwizzler (~> 6.0)
    - GoogleUtilities/Network (~> 6.0)
    - "GoogleUtilities/NSData+zlib (~> 6.0)"
    - nanopb (~> 1.30905.0)
  - GoogleDataTransport (6.2.1)
  - GoogleDataTransportCCTSupport (3.1.0):
    - GoogleDataTransport (~> 6.1)
    - nanopb (~> 1.30905.0)
  - GoogleMaps (3.9.0):
    - GoogleMaps/Maps (= 3.9.0)
  - GoogleMaps/Base (3.9.0)
  - GoogleMaps/Maps (3.9.0):
    - GoogleMaps/Base
  - GoogleUtilities/AppDelegateSwizzler (6.6.0):
    - GoogleUtilities/Environment
    - GoogleUtilities/Logger
    - GoogleUtilities/Network
  - GoogleUtilities/Environment (6.6.0):
    - PromisesObjC (~> 1.2)
  - GoogleUtilities/Logger (6.6.0):
    - GoogleUtilities/Environment
  - GoogleUtilities/MethodSwizzler (6.6.0):
    - GoogleUtilities/Logger
  - GoogleUtilities/Network (6.6.0):
    - GoogleUtilities/Logger
    - "GoogleUtilities/NSData+zlib"
    - GoogleUtilities/Reachability
  - "GoogleUtilities/NSData+zlib (6.6.0)"
  - GoogleUtilities/Reachability (6.6.0):
    - GoogleUtilities/Logger
  - GoogleUtilities/UserDefaults (6.6.0):
    - GoogleUtilities/Logger
  - nanopb (1.30905.0):
    - nanopb/decode (= 1.30905.0)
    - nanopb/encode (= 1.30905.0)
  - nanopb/decode (1.30905.0)
  - nanopb/encode (1.30905.0)
  - ObjectMapper (4.2.0)
  - Pageboy (3.6.1)
  - PromisesObjC (1.2.8)
  - QueryKit (0.14.1)
  - QuickLayout (3.0.0)
  - ReachabilitySwift (5.0.0)
  - RxAlamofire (5.3.1):
    - RxAlamofire/Core (= 5.3.1)
  - RxAlamofire/Core (5.3.1):
    - Alamofire (~> 5.1)
    - RxSwift (~> 5.1)
  - RxCocoa (5.1.1):
    - RxRelay (~> 5)
    - RxSwift (~> 5)
  - RxCoreData (1.0.0):
    - RxCocoa (~> 5.0)
    - RxSwift (~> 5.0)
  - RxDataSources (4.0.1):
    - Differentiator (~> 4.0)
    - RxCocoa (~> 5.0)
    - RxSwift (~> 5.0)
  - RxFlow (2.9.0):
    - RxCocoa (>= 5.1.1)
    - RxSwift (>= 5.1.1)
  - RxGoogleMaps (4.0.0):
    - GoogleMaps (~> 3)
    - RxCocoa (~> 5)
    - RxSwift (~> 5)
  - RxKeyboard (1.0.0):
    - RxCocoa (~> 5.0)
    - RxSwift (~> 5.0)
  - RxOptional (4.1.0):
    - RxCocoa (~> 5)
    - RxSwift (~> 5)
  - RxReduce (0.10):
    - RxCocoa (>= 4.5.0)
    - RxSwift (>= 4.5.0)
  - RxRelay (5.1.1):
    - RxSwift (~> 5)
  - RxSwift (5.1.1)
  - RxWebKit (1.0.2):
    - RxCocoa (~> 5.0)
    - RxSwift (~> 5.0)
  - Sizes (0.5.1)
  - SteviaLayout (4.7.3)
  - SwiftEntryKit (1.2.3):
    - QuickLayout (= 3.0.0)
  - SwiftLocation (4.2.0)
  - SwiftRichString (3.7.1)
  - SwiftyUserDefaults (5.0.0)
  - Valet (3.2.8)

DEPENDENCIES:
  - AlamofireImage
  - Firebase/Analytics
  - Firebase/Crashlytics
  - Google-Maps-iOS-Utils
  - ObjectMapper
  - Pageboy
  - QueryKit
  - ReachabilitySwift
  - RxAlamofire
  - RxCoreData
  - RxDataSources
  - RxFlow
  - RxGoogleMaps
  - RxKeyboard
  - RxOptional
  - RxReduce
  - RxSwift
  - RxWebKit
  - Sizes
  - SteviaLayout
  - SwiftEntryKit
  - SwiftLocation
  - SwiftRichString
  - SwiftyUserDefaults
  - Valet

SPEC REPOS:
  https://github.com/cocoapods/specs.git:
    - Alamofire
    - AlamofireImage
    - Differentiator
    - Firebase
    - FirebaseAnalytics
    - FirebaseAnalyticsInterop
    - FirebaseCore
    - FirebaseCoreDiagnostics
    - FirebaseCoreDiagnosticsInterop
    - FirebaseCrashlytics
    - FirebaseInstallations
    - Google-Maps-iOS-Utils
    - GoogleAppMeasurement
    - GoogleDataTransport
    - GoogleDataTransportCCTSupport
    - GoogleMaps
    - GoogleUtilities
    - nanopb
    - ObjectMapper
    - Pageboy
    - PromisesObjC
    - QueryKit
    - QuickLayout
    - ReachabilitySwift
    - RxAlamofire
    - RxCocoa
    - RxCoreData
    - RxDataSources
    - RxFlow
    - RxGoogleMaps
    - RxKeyboard
    - RxOptional
    - RxReduce
    - RxRelay
    - RxSwift
    - RxWebKit
    - Sizes
    - SteviaLayout
    - SwiftEntryKit
    - SwiftLocation
    - SwiftRichString
    - SwiftyUserDefaults
    - Valet

SPEC CHECKSUMS:
  Alamofire: e911732990610fe89af59ac0077f923d72dc3dfd
  AlamofireImage: c4a2ba349885fb3064feb74d2e547bd42ce9be10
  Differentiator: 886080237d9f87f322641dedbc5be257061b0602
  Firebase: 7cf5f9c67f03cb3b606d1d6535286e1080e57eb6
  FirebaseAnalytics: 96634d356482d4f3af8fe459a0ebf19a99c71b75
  FirebaseAnalyticsInterop: 3f86269c38ae41f47afeb43ebf32a001f58fcdae
  FirebaseCore: f42e5e5f382cdcf6b617ed737bf6c871a6947b17
  FirebaseCoreDiagnostics: 4a773a47bd83bbd5a9b1ccf1ce7caa8b2d535e67
  FirebaseCoreDiagnosticsInterop: 296e2c5f5314500a850ad0b83e9e7c10b011a850
  FirebaseCrashlytics: a87cce5746d3335995bd18b1b60d073cd05a6920
  FirebaseInstallations: 6f5f680e65dc374397a483c32d1799ba822a395b
  Google-Maps-iOS-Utils: 1e51ca272b4f4befdf3577bf46f58c22ef22062c
  GoogleAppMeasurement: 67458367830514fb20fd9e233496f1eef9d90185
  GoogleDataTransport: 9a8a16f79feffc7f42096743de2a7c4815e84020
  GoogleDataTransportCCTSupport: d70a561f7d236af529fee598835caad5e25f6d3d
  GoogleMaps: 4b5346bddfe6911bb89155d43c903020170523ac
  GoogleUtilities: 39530bc0ad980530298e9c4af8549e991fd033b1
  nanopb: c43f40fadfe79e8b8db116583945847910cbabc9
  ObjectMapper: 1eb41f610210777375fa806bf161dc39fb832b81
  Pageboy: 29a2d474ad99404b4d77f325e0ab6d705930a4fb
  PromisesObjC: c119f3cd559f50b7ae681fa59dc1acd19173b7e6
  QueryKit: 60dae8ff75d5805f9c703c68c0ef4294c9dd7de6
  QuickLayout: 07b45a72b10083fee3f095990cfed1c1e7b27f0a
  ReachabilitySwift: 985039c6f7b23a1da463388634119492ff86c825
  RxAlamofire: 15502b290253fab68688dafd60914c6390e9cc73
  RxCocoa: 32065309a38d29b5b0db858819b5bf9ef038b601
  RxCoreData: 1ed5f83e80facccc90fc054eb7f39a44177de56a
  RxDataSources: efee07fa4de48477eca0a4611e6d11e2da9c1114
  RxFlow: a7f993ba4791174d414509a0ec03bfeff530a826
  RxGoogleMaps: 5d8a91a26dc9e3f703c5be09424e3ecf7f607328
  RxKeyboard: 6683c4344304a00f943c158bd8a43ce5469c82a7
  RxOptional: b1fcd60856807a564c0215c2184b8d33e7826dc2
  RxReduce: 45af8abac4bab35941290156b86b51a75eeae603
  RxRelay: d77f7d771495f43c556cbc43eebd1bb54d01e8e9
  RxSwift: 81470a2074fa8780320ea5fe4102807cb7118178
  RxWebKit: a3085e7cd8b57182b452692686675702474014dd
  Sizes: cb74f04708124340cf117b9b5a3f2daa9727f401
  SteviaLayout: c2ecdcff57d44e38fd2f65e54ad52aeae28ca0c4
  SwiftEntryKit: 340713c2e4a6662c5149629990bf1088bf5f0389
  SwiftLocation: 609ac8859f2c5d48a6cadd2a58c63b1dae02dc25
  SwiftRichString: 9a6a70b4fe2cf428e38348b5ada5400da74621fd
  SwiftyUserDefaults: 33fcb42bd1feb53a37d873feb62c82967db5f7f6
  Valet: 16d0537d70db79d9ba953b9060b5da4fb8004e51

PODFILE CHECKSUM: bb472986391096edac68dd2d930675d2cd807bf6

COCOAPODS: 1.7.5
